// !$*UTF8*$!
{
	archiveVersion = 1;
	classes = {
	};
	objectVersion = 46;
	objects = {

/* Begin PBXBuildFile section */
		95922139152CB96F0080F4C7 /* main.cpp in Sources */ = {isa = PBXBuildFile; fileRef = 95922138152CB96F0080F4C7 /* main.cpp */; };
		95922145152CB9C40080F4C7 /* libSDL-1.2.0.dylib in Frameworks */ = {isa = PBXBuildFile; fileRef = 95922144152CB9C40080F4C7 /* libSDL-1.2.0.dylib */; };
		9592214A152CBA530080F4C7 /* libSDLmain.a in Frameworks */ = {isa = PBXBuildFile; fileRef = 95922149152CBA530080F4C7 /* libSDLmain.a */; };
		9592214C152CBB340080F4C7 /* Cocoa.framework in Frameworks */ = {isa = PBXBuildFile; fileRef = 9592214B152CBB340080F4C7 /* Cocoa.framework */; };
		9592214E152CBB730080F4C7 /* OpenGL.framework in Frameworks */ = {isa = PBXBuildFile; fileRef = 9592214D152CBB730080F4C7 /* OpenGL.framework */; };
		95922151152CDFF40080F4C7 /* xrast.cpp in Sources */ = {isa = PBXBuildFile; fileRef = 95922150152CDFF40080F4C7 /* xrast.cpp */; };
/* End PBXBuildFile section */

/* Begin PBXCopyFilesBuildPhase section */
		95922132152CB96F0080F4C7 /* CopyFiles */ = {
			isa = PBXCopyFilesBuildPhase;
			buildActionMask = 2147483647;
			dstPath = /usr/share/man/man1/;
			dstSubfolderSpec = 0;
			files = (
			);
			runOnlyForDeploymentPostprocessing = 1;
		};
/* End PBXCopyFilesBuildPhase section */

/* Begin PBXFileReference section */
		95922134152CB96F0080F4C7 /* radios1 */ = {isa = PBXFileReference; explicitFileType = "compiled.mach-o.executable"; includeInIndex = 0; path = radios1; sourceTree = BUILT_PRODUCTS_DIR; };
		95922138152CB96F0080F4C7 /* main.cpp */ = {isa = PBXFileReference; lastKnownFileType = sourcecode.cpp.cpp; path = main.cpp; sourceTree = "<group>"; };
		95922144152CB9C40080F4C7 /* libSDL-1.2.0.dylib */ = {isa = PBXFileReference; lastKnownFileType = "compiled.mach-o.dylib"; name = "libSDL-1.2.0.dylib"; path = "usr/local/lib/libSDL-1.2.0.dylib"; sourceTree = SDKROOT; };
		95922149152CBA530080F4C7 /* libSDLmain.a */ = {isa = PBXFileReference; lastKnownFileType = archive.ar; name = libSDLmain.a; path = ../../../../usg/3rdparty/libSDLmain.a; sourceTree = "<group>"; };
		9592214B152CBB340080F4C7 /* Cocoa.framework */ = {isa = PBXFileReference; lastKnownFileType = wrapper.framework; name = Cocoa.framework; path = System/Library/Frameworks/Cocoa.framework; sourceTree = SDKROOT; };
		9592214D152CBB730080F4C7 /* OpenGL.framework */ = {isa = PBXFileReference; lastKnownFileType = wrapper.framework; name = OpenGL.framework; path = System/Library/Frameworks/OpenGL.framework; sourceTree = SDKROOT; };
		9592214F152CDFE90080F4C7 /* xrast.h */ = {isa = PBXFileReference; fileEncoding = 4; lastKnownFileType = sourcecode.c.h; path = xrast.h; sourceTree = "<group>"; };
		95922150152CDFF40080F4C7 /* xrast.cpp */ = {isa = PBXFileReference; fileEncoding = 4; lastKnownFileType = sourcecode.cpp.cpp; path = xrast.cpp; sourceTree = "<group>"; };
/* End PBXFileReference section */

/* Begin PBXFrameworksBuildPhase section */
		95922131152CB96F0080F4C7 /* Frameworks */ = {
			isa = PBXFrameworksBuildPhase;
			buildActionMask = 2147483647;
			files = (
				9592214E152CBB730080F4C7 /* OpenGL.framework in Frameworks */,
				9592214C152CBB340080F4C7 /* Cocoa.framework in Frameworks */,
				9592214A152CBA530080F4C7 /* libSDLmain.a in Frameworks */,
				95922145152CB9C40080F4C7 /* libSDL-1.2.0.dylib in Frameworks */,
			);
			runOnlyForDeploymentPostprocessing = 0;
		};
/* End PBXFrameworksBuildPhase section */

/* Begin PBXGroup section */
		95922129152CB96E0080F4C7 = {
			isa = PBXGroup;
			children = (
				9592214D152CBB730080F4C7 /* OpenGL.framework */,
				9592214B152CBB340080F4C7 /* Cocoa.framework */,
				95922149152CBA530080F4C7 /* libSDLmain.a */,
				95922144152CB9C40080F4C7 /* libSDL-1.2.0.dylib */,
				95922137152CB96F0080F4C7 /* radios1 */,
				95922135152CB96F0080F4C7 /* Products */,
			);
			sourceTree = "<group>";
		};
		95922135152CB96F0080F4C7 /* Products */ = {
			isa = PBXGroup;
			children = (
				95922134152CB96F0080F4C7 /* radios1 */,
			);
			name = Products;
			sourceTree = "<group>";
		};
		95922137152CB96F0080F4C7 /* radios1 */ = {
			isa = PBXGroup;
			children = (
				95922138152CB96F0080F4C7 /* main.cpp */,
				9592214F152CDFE90080F4C7 /* xrast.h */,
				95922150152CDFF40080F4C7 /* xrast.cpp */,
			);
			path = radios1;
			sourceTree = "<group>";
		};
/* End PBXGroup section */

/* Begin PBXNativeTarget section */
		95922133152CB96F0080F4C7 /* radios1 */ = {
			isa = PBXNativeTarget;
			buildConfigurationList = 9592213E152CB96F0080F4C7 /* Build configuration list for PBXNativeTarget "radios1" */;
			buildPhases = (
				95922130152CB96F0080F4C7 /* Sources */,
				95922131152CB96F0080F4C7 /* Frameworks */,
				95922132152CB96F0080F4C7 /* CopyFiles */,
			);
			buildRules = (
			);
			dependencies = (
			);
			name = radios1;
			productName = radios1;
			productReference = 95922134152CB96F0080F4C7 /* radios1 */;
			productType = "com.apple.product-type.tool";
		};
/* End PBXNativeTarget section */

/* Begin PBXProject section */
		9592212B152CB96E0080F4C7 /* Project object */ = {
			isa = PBXProject;
			attributes = {
				LastUpgradeCheck = 0420;
			};
			buildConfigurationList = 9592212E152CB96E0080F4C7 /* Build configuration list for PBXProject "radios1" */;
			compatibilityVersion = "Xcode 3.2";
			developmentRegion = English;
			hasScannedForEncodings = 0;
			knownRegions = (
				en,
			);
			mainGroup = 95922129152CB96E0080F4C7;
			productRefGroup = 95922135152CB96F0080F4C7 /* Products */;
			projectDirPath = "";
			projectRoot = "";
			targets = (
				95922133152CB96F0080F4C7 /* radios1 */,
			);
		};
/* End PBXProject section */

/* Begin PBXSourcesBuildPhase section */
		95922130152CB96F0080F4C7 /* Sources */ = {
			isa = PBXSourcesBuildPhase;
			buildActionMask = 2147483647;
			files = (
				95922139152CB96F0080F4C7 /* main.cpp in Sources */,
				95922151152CDFF40080F4C7 /* xrast.cpp in Sources */,
			);
			runOnlyForDeploymentPostprocessing = 0;
		};
/* End PBXSourcesBuildPhase section */

/* Begin XCBuildConfiguration section */
		9592213C152CB96F0080F4C7 /* Debug */ = {
			isa = XCBuildConfiguration;
			buildSettings = {
				ALWAYS_SEARCH_USER_PATHS = NO;
				ARCHS = "$(ARCHS_STANDARD_64_BIT)";
				COPY_PHASE_STRIP = NO;
				GCC_C_LANGUAGE_STANDARD = gnu99;
				GCC_DYNAMIC_NO_PIC = NO;
				GCC_ENABLE_CPP_RTTI = NO;
				GCC_ENABLE_OBJC_EXCEPTIONS = YES;
				GCC_FAST_MATH = YES;
				GCC_OPTIMIZATION_LEVEL = 0;
				GCC_PREPROCESSOR_DEFINITIONS = (
					"DEBUG=1",
					"$(inherited)",
				);
				GCC_STRICT_ALIASING = YES;
				GCC_SYMBOLS_PRIVATE_EXTERN = NO;
				GCC_VERSION = com.apple.compilers.llvm.clang.1_0;
				GCC_WARN_64_TO_32_BIT_CONVERSION = YES;
				GCC_WARN_ABOUT_MISSING_PROTOTYPES = YES;
				GCC_WARN_ABOUT_RETURN_TYPE = YES;
				GCC_WARN_UNUSED_VARIABLE = YES;
				HEADER_SEARCH_PATHS = ../../../../libgg/;
				MACOSX_DEPLOYMENT_TARGET = 10.6;
				ONLY_ACTIVE_ARCH = YES;
				SDKROOT = macosx;
			};
			name = Debug;
		};
		9592213D152CB96F0080F4C7 /* Release */ = {
			isa = XCBuildConfiguration;
			buildSettings = {
				ALWAYS_SEARCH_USER_PATHS = NO;
				ARCHS = "$(ARCHS_STANDARD_64_BIT)";
				COPY_PHASE_STRIP = YES;
				DEBUG_INFORMATION_FORMAT = "dwarf-with-dsym";
				GCC_C_LANGUAGE_STANDARD = gnu99;
				GCC_ENABLE_CPP_RTTI = NO;
				GCC_ENABLE_OBJC_EXCEPTIONS = YES;
				GCC_ENABLE_SSE3_EXTENSIONS = YES;
				GCC_ENABLE_SUPPLEMENTAL_SSE3_INSTRUCTIONS = YES;
				GCC_FAST_MATH = YES;
				GCC_OPTIMIZATION_LEVEL = 3;
				GCC_STRICT_ALIASING = YES;
				GCC_UNROLL_LOOPS = YES;
				GCC_VERSION = com.apple.compilers.llvm.clang.1_0;
				GCC_WARN_64_TO_32_BIT_CONVERSION = YES;
				GCC_WARN_ABOUT_MISSING_PROTOTYPES = YES;
				GCC_WARN_ABOUT_RETURN_TYPE = YES;
				GCC_WARN_UNUSED_VARIABLE = YES;
				HEADER_SEARCH_PATHS = ../../../../libgg/;
				LLVM_LTO = YES;
				MACOSX_DEPLOYMENT_TARGET = 10.6;
				SDKROOT = macosx;
			};
			name = Release;
		};
		9592213F152CB96F0080F4C7 /* Debug */ = {
			isa = XCBuildConfiguration;
			buildSettings = {
				LIBRARY_SEARCH_PATHS = (
					"$(inherited)",
					"\"$(SRCROOT)/../../../../usg/3rdparty\"",
				);
				PRODUCT_NAME = "$(TARGET_NAME)";
			};
			name = Debug;
		};
		95922140152CB96F0080F4C7 /* Release */ = {
			isa = XCBuildConfiguration;
			buildSettings = {
				LIBRARY_SEARCH_PATHS = (
					"$(inherited)",
					"\"$(SRCROOT)/../../../../usg/3rdparty\"",
				);
				PRODUCT_NAME = "$(TARGET_NAME)";
			};
			name = Release;
		};
/* End XCBuildConfiguration section */

/* Begin XCConfigurationList section */
		9592212E152CB96E0080F4C7 /* Build configuration list for PBXProject "radios1" */ = {
			isa = XCConfigurationList;
			buildConfigurations = (
				9592213C152CB96F0080F4C7 /* Debug */,
				9592213D152CB96F0080F4C7 /* Release */,
			);
			defaultConfigurationIsVisible = 0;
			defaultConfigurationName = Release;
		};
		9592213E152CB96F0080F4C7 /* Build configuration list for PBXNativeTarget "radios1" */ = {
			isa = XCConfigurationList;
			buildConfigurations = (
				9592213F152CB96F0080F4C7 /* Debug */,
				95922140152CB96F0080F4C7 /* Release */,
			);
			defaultConfigurationIsVisible = 0;
			defaultConfigurationName = Release;
		};
/* End XCConfigurationList section */
	};
	rootObject = 9592212B152CB96E0080F4C7 /* Project object */;
}
