// !$*UTF8*$!
{
	archiveVersion = 1;
	classes = {
	};
	objectVersion = 45;
	objects = {

/* Begin PBXBuildFile section */
		1D3623260D0F684500981E51 /* paint_01AppDelegate.mm in Sources */ = {isa = PBXBuildFile; fileRef = 1D3623250D0F684500981E51 /* paint_01AppDelegate.mm */; };
		1D60589B0D05DD56006BFB54 /* main.m in Sources */ = {isa = PBXBuildFile; fileRef = 29B97316FDCFA39411CA2CEA /* main.m */; };
		1D60589F0D05DD5A006BFB54 /* Foundation.framework in Frameworks */ = {isa = PBXBuildFile; fileRef = 1D30AB110D05D00D00671497 /* Foundation.framework */; };
		1DF5F4E00D08C38300B7A737 /* UIKit.framework in Frameworks */ = {isa = PBXBuildFile; fileRef = 1DF5F4DF0D08C38300B7A737 /* UIKit.framework */; };
		288765FD0DF74451002DB57D /* CoreGraphics.framework in Frameworks */ = {isa = PBXBuildFile; fileRef = 288765FC0DF74451002DB57D /* CoreGraphics.framework */; };
		28AD733F0D9D9553002E5188 /* MainWindow.xib in Resources */ = {isa = PBXBuildFile; fileRef = 28AD733E0D9D9553002E5188 /* MainWindow.xib */; };
		9504B25A0FCDB3810046D54D /* Traveller.cpp in Sources */ = {isa = PBXBuildFile; fileRef = 9504B2590FCDB3810046D54D /* Traveller.cpp */; };
		9504B25D0FCDB3960046D54D /* Touch.cpp in Sources */ = {isa = PBXBuildFile; fileRef = 9504B25C0FCDB3960046D54D /* Touch.cpp */; };
		9504B2600FCDB3A40046D54D /* Sample.cpp in Sources */ = {isa = PBXBuildFile; fileRef = 9504B25F0FCDB3A40046D54D /* Sample.cpp */; };
		9504B2630FCDB3B20046D54D /* Rect.cpp in Sources */ = {isa = PBXBuildFile; fileRef = 9504B2620FCDB3B20046D54D /* Rect.cpp */; };
		9504B2660FCDB3BD0046D54D /* Painter.cpp in Sources */ = {isa = PBXBuildFile; fileRef = 9504B2650FCDB3BD0046D54D /* Painter.cpp */; };
		9504B2690FCDB3D00046D54D /* Input.cpp in Sources */ = {isa = PBXBuildFile; fileRef = 9504B2680FCDB3D00046D54D /* Input.cpp */; };
		9504B26C0FCDB3DE0046D54D /* Dirty.cpp in Sources */ = {isa = PBXBuildFile; fileRef = 9504B26B0FCDB3DE0046D54D /* Dirty.cpp */; };
		9504B2700FCDB3F60046D54D /* Coord.cpp in Sources */ = {isa = PBXBuildFile; fileRef = 9504B26F0FCDB3F60046D54D /* Coord.cpp */; };
		9504B2730FCDB3FC0046D54D /* ColBuf.cpp in Sources */ = {isa = PBXBuildFile; fileRef = 9504B2720FCDB3FC0046D54D /* ColBuf.cpp */; };
		9504B2760FCDB4220046D54D /* Col.cpp in Sources */ = {isa = PBXBuildFile; fileRef = 9504B2750FCDB4220046D54D /* Col.cpp */; };
		9504B2790FCDB4270046D54D /* Brush.cpp in Sources */ = {isa = PBXBuildFile; fileRef = 9504B2780FCDB4270046D54D /* Brush.cpp */; };
		9504B27C0FCDB4410046D54D /* Calc.cpp in Sources */ = {isa = PBXBuildFile; fileRef = 9504B27B0FCDB4410046D54D /* Calc.cpp */; };
		9504B27F0FCDB4C80046D54D /* Callback.cpp in Sources */ = {isa = PBXBuildFile; fileRef = 9504B27E0FCDB4C80046D54D /* Callback.cpp */; };
		9504B2D60FCDB60B0046D54D /* Log.cpp in Sources */ = {isa = PBXBuildFile; fileRef = 9504B2D50FCDB60B0046D54D /* Log.cpp */; };
		9504B3C60FCDC0030046D54D /* Application.cpp in Sources */ = {isa = PBXBuildFile; fileRef = 9504B3C50FCDC0030046D54D /* Application.cpp */; };
		9504B3CA0FCDC06B0046D54D /* BrushCache.cpp in Sources */ = {isa = PBXBuildFile; fileRef = 9504B3C90FCDC06B0046D54D /* BrushCache.cpp */; };
		950904500FCFC3F0004500ED /* ToolView.xib in Resources */ = {isa = PBXBuildFile; fileRef = 9509044F0FCFC3F0004500ED /* ToolView.xib */; };
		9509045E0FCFC591004500ED /* ToolView.mm in Sources */ = {isa = PBXBuildFile; fileRef = 9509045D0FCFC591004500ED /* ToolView.mm */; };
		951396680F9F16B70055A8AF /* PaintView.mm in Sources */ = {isa = PBXBuildFile; fileRef = 951396670F9F16B70055A8AF /* PaintView.mm */; };
		9513966D0F9F16C10055A8AF /* PaintViewController.mm in Sources */ = {isa = PBXBuildFile; fileRef = 9513966C0F9F16C10055A8AF /* PaintViewController.mm */; };
		951664050FCC86DA001E3BC3 /* IBitmap.cpp in Sources */ = {isa = PBXBuildFile; fileRef = 951664040FCC86DA001E3BC3 /* IBitmap.cpp */; };
		951664080FCC86ED001E3BC3 /* Types.cpp in Sources */ = {isa = PBXBuildFile; fileRef = 951664070FCC86ED001E3BC3 /* Types.cpp */; };
		9516640B0FCC8729001E3BC3 /* BitmapMem.cpp in Sources */ = {isa = PBXBuildFile; fileRef = 9516640A0FCC8729001E3BC3 /* BitmapMem.cpp */; };
		9516640E0FCC875B001E3BC3 /* BitmapRef.cpp in Sources */ = {isa = PBXBuildFile; fileRef = 9516640D0FCC875B001E3BC3 /* BitmapRef.cpp */; };
		951664110FCC877F001E3BC3 /* TileRenderer.cpp in Sources */ = {isa = PBXBuildFile; fileRef = 951664100FCC877F001E3BC3 /* TileRenderer.cpp */; };
		953CFE5F0FF5231A002A9985 /* CoreFoundation.framework in Frameworks */ = {isa = PBXBuildFile; fileRef = 953CFE5E0FF5231A002A9985 /* CoreFoundation.framework */; };
		9546A6BB0FF7BE7F0035BBA4 /* todo.txt in Resources */ = {isa = PBXBuildFile; fileRef = 9546A6BA0FF7BE7F0035BBA4 /* todo.txt */; };
		954DBC9D0FA1D3870095ECA9 /* AudioToolbox.framework in Frameworks */ = {isa = PBXBuildFile; fileRef = 954DBC9C0FA1D3870095ECA9 /* AudioToolbox.framework */; };
		954DBCB00FA1D76E0095ECA9 /* CoreAudio.framework in Frameworks */ = {isa = PBXBuildFile; fileRef = 954DBCAF0FA1D76E0095ECA9 /* CoreAudio.framework */; };
		95BA19160FDC3B8100671003 /* UIVerticalSlider.m in Sources */ = {isa = PBXBuildFile; fileRef = 95BA19150FDC3B8100671003 /* UIVerticalSlider.m */; };
		95C93E580FF82598005C9FED /* Default.png in Resources */ = {isa = PBXBuildFile; fileRef = 95C93E570FF82598005C9FED /* Default.png */; };
/* End PBXBuildFile section */

/* Begin PBXFileReference section */
		1D30AB110D05D00D00671497 /* Foundation.framework */ = {isa = PBXFileReference; lastKnownFileType = wrapper.framework; name = Foundation.framework; path = System/Library/Frameworks/Foundation.framework; sourceTree = SDKROOT; };
		1D3623240D0F684500981E51 /* paint_01AppDelegate.h */ = {isa = PBXFileReference; fileEncoding = 4; lastKnownFileType = sourcecode.c.h; path = paint_01AppDelegate.h; sourceTree = "<group>"; };
		1D3623250D0F684500981E51 /* paint_01AppDelegate.mm */ = {isa = PBXFileReference; fileEncoding = 4; lastKnownFileType = sourcecode.cpp.objcpp; path = paint_01AppDelegate.mm; sourceTree = "<group>"; };
		1D6058910D05DD3D006BFB54 /* paint-01.app */ = {isa = PBXFileReference; explicitFileType = wrapper.application; includeInIndex = 0; path = "paint-01.app"; sourceTree = BUILT_PRODUCTS_DIR; };
		1DF5F4DF0D08C38300B7A737 /* UIKit.framework */ = {isa = PBXFileReference; lastKnownFileType = wrapper.framework; name = UIKit.framework; path = System/Library/Frameworks/UIKit.framework; sourceTree = SDKROOT; };
		288765FC0DF74451002DB57D /* CoreGraphics.framework */ = {isa = PBXFileReference; lastKnownFileType = wrapper.framework; name = CoreGraphics.framework; path = System/Library/Frameworks/CoreGraphics.framework; sourceTree = SDKROOT; };
		28AD733E0D9D9553002E5188 /* MainWindow.xib */ = {isa = PBXFileReference; lastKnownFileType = file.xib; path = MainWindow.xib; sourceTree = "<group>"; };
		29B97316FDCFA39411CA2CEA /* main.m */ = {isa = PBXFileReference; fileEncoding = 4; lastKnownFileType = sourcecode.c.objc; path = main.m; sourceTree = "<group>"; };
		32CA4F630368D1EE00C91783 /* paint_01_Prefix.pch */ = {isa = PBXFileReference; fileEncoding = 4; lastKnownFileType = sourcecode.c.h; path = paint_01_Prefix.pch; sourceTree = "<group>"; };
		8D1107310486CEB800E47090 /* Info.plist */ = {isa = PBXFileReference; fileEncoding = 4; lastKnownFileType = text.plist.xml; path = Info.plist; sourceTree = "<group>"; };
		9504B2580FCDB3810046D54D /* Traveller.h */ = {isa = PBXFileReference; fileEncoding = 4; lastKnownFileType = sourcecode.c.h; path = Traveller.h; sourceTree = "<group>"; };
		9504B2590FCDB3810046D54D /* Traveller.cpp */ = {isa = PBXFileReference; fileEncoding = 4; lastKnownFileType = sourcecode.cpp.cpp; path = Traveller.cpp; sourceTree = "<group>"; };
		9504B25B0FCDB3960046D54D /* Touch.h */ = {isa = PBXFileReference; fileEncoding = 4; lastKnownFileType = sourcecode.c.h; path = Touch.h; sourceTree = "<group>"; };
		9504B25C0FCDB3960046D54D /* Touch.cpp */ = {isa = PBXFileReference; fileEncoding = 4; lastKnownFileType = sourcecode.cpp.cpp; path = Touch.cpp; sourceTree = "<group>"; };
		9504B25E0FCDB3A40046D54D /* Sample.h */ = {isa = PBXFileReference; fileEncoding = 4; lastKnownFileType = sourcecode.c.h; path = Sample.h; sourceTree = "<group>"; };
		9504B25F0FCDB3A40046D54D /* Sample.cpp */ = {isa = PBXFileReference; fileEncoding = 4; lastKnownFileType = sourcecode.cpp.cpp; path = Sample.cpp; sourceTree = "<group>"; };
		9504B2610FCDB3B20046D54D /* Rect.h */ = {isa = PBXFileReference; fileEncoding = 4; lastKnownFileType = sourcecode.c.h; path = Rect.h; sourceTree = "<group>"; };
		9504B2620FCDB3B20046D54D /* Rect.cpp */ = {isa = PBXFileReference; fileEncoding = 4; lastKnownFileType = sourcecode.cpp.cpp; path = Rect.cpp; sourceTree = "<group>"; };
		9504B2640FCDB3BD0046D54D /* Painter.h */ = {isa = PBXFileReference; fileEncoding = 4; lastKnownFileType = sourcecode.c.h; path = Painter.h; sourceTree = "<group>"; };
		9504B2650FCDB3BD0046D54D /* Painter.cpp */ = {isa = PBXFileReference; fileEncoding = 4; lastKnownFileType = sourcecode.cpp.cpp; path = Painter.cpp; sourceTree = "<group>"; };
		9504B2670FCDB3D00046D54D /* Input.h */ = {isa = PBXFileReference; fileEncoding = 4; lastKnownFileType = sourcecode.c.h; path = Input.h; sourceTree = "<group>"; };
		9504B2680FCDB3D00046D54D /* Input.cpp */ = {isa = PBXFileReference; fileEncoding = 4; lastKnownFileType = sourcecode.cpp.cpp; path = Input.cpp; sourceTree = "<group>"; };
		9504B26A0FCDB3DE0046D54D /* Dirty.h */ = {isa = PBXFileReference; fileEncoding = 4; lastKnownFileType = sourcecode.c.h; path = Dirty.h; sourceTree = "<group>"; };
		9504B26B0FCDB3DE0046D54D /* Dirty.cpp */ = {isa = PBXFileReference; fileEncoding = 4; lastKnownFileType = sourcecode.cpp.cpp; path = Dirty.cpp; sourceTree = "<group>"; };
		9504B26E0FCDB3F60046D54D /* Coord.h */ = {isa = PBXFileReference; fileEncoding = 4; lastKnownFileType = sourcecode.c.h; path = Coord.h; sourceTree = "<group>"; };
		9504B26F0FCDB3F60046D54D /* Coord.cpp */ = {isa = PBXFileReference; fileEncoding = 4; lastKnownFileType = sourcecode.cpp.cpp; path = Coord.cpp; sourceTree = "<group>"; };
		9504B2710FCDB3FC0046D54D /* ColBuf.h */ = {isa = PBXFileReference; fileEncoding = 4; lastKnownFileType = sourcecode.c.h; path = ColBuf.h; sourceTree = "<group>"; };
		9504B2720FCDB3FC0046D54D /* ColBuf.cpp */ = {isa = PBXFileReference; fileEncoding = 4; lastKnownFileType = sourcecode.cpp.cpp; path = ColBuf.cpp; sourceTree = "<group>"; };
		9504B2740FCDB4220046D54D /* Col.h */ = {isa = PBXFileReference; fileEncoding = 4; lastKnownFileType = sourcecode.c.h; path = Col.h; sourceTree = "<group>"; };
		9504B2750FCDB4220046D54D /* Col.cpp */ = {isa = PBXFileReference; fileEncoding = 4; lastKnownFileType = sourcecode.cpp.cpp; path = Col.cpp; sourceTree = "<group>"; };
		9504B2770FCDB4270046D54D /* Brush.h */ = {isa = PBXFileReference; fileEncoding = 4; lastKnownFileType = sourcecode.c.h; path = Brush.h; sourceTree = "<group>"; };
		9504B2780FCDB4270046D54D /* Brush.cpp */ = {isa = PBXFileReference; fileEncoding = 4; lastKnownFileType = sourcecode.cpp.cpp; path = Brush.cpp; sourceTree = "<group>"; };
		9504B27A0FCDB4410046D54D /* Calc.h */ = {isa = PBXFileReference; fileEncoding = 4; lastKnownFileType = sourcecode.c.h; path = Calc.h; sourceTree = "<group>"; };
		9504B27B0FCDB4410046D54D /* Calc.cpp */ = {isa = PBXFileReference; fileEncoding = 4; lastKnownFileType = sourcecode.cpp.cpp; path = Calc.cpp; sourceTree = "<group>"; };
		9504B27D0FCDB4C80046D54D /* Callback.h */ = {isa = PBXFileReference; fileEncoding = 4; lastKnownFileType = sourcecode.c.h; path = Callback.h; sourceTree = "<group>"; };
		9504B27E0FCDB4C80046D54D /* Callback.cpp */ = {isa = PBXFileReference; fileEncoding = 4; lastKnownFileType = sourcecode.cpp.cpp; path = Callback.cpp; sourceTree = "<group>"; };
		9504B2D40FCDB60B0046D54D /* Log.h */ = {isa = PBXFileReference; fileEncoding = 4; lastKnownFileType = sourcecode.c.h; path = Log.h; sourceTree = "<group>"; };
		9504B2D50FCDB60B0046D54D /* Log.cpp */ = {isa = PBXFileReference; fileEncoding = 4; lastKnownFileType = sourcecode.cpp.cpp; path = Log.cpp; sourceTree = "<group>"; };
		9504B3C40FCDC0030046D54D /* Application.h */ = {isa = PBXFileReference; fileEncoding = 4; lastKnownFileType = sourcecode.c.h; path = Application.h; sourceTree = "<group>"; };
		9504B3C50FCDC0030046D54D /* Application.cpp */ = {isa = PBXFileReference; fileEncoding = 4; lastKnownFileType = sourcecode.cpp.cpp; path = Application.cpp; sourceTree = "<group>"; };
		9504B3C80FCDC06B0046D54D /* BrushCache.h */ = {isa = PBXFileReference; fileEncoding = 4; lastKnownFileType = sourcecode.c.h; path = BrushCache.h; sourceTree = "<group>"; };
		9504B3C90FCDC06B0046D54D /* BrushCache.cpp */ = {isa = PBXFileReference; fileEncoding = 4; lastKnownFileType = sourcecode.cpp.cpp; path = BrushCache.cpp; sourceTree = "<group>"; };
		9509044F0FCFC3F0004500ED /* ToolView.xib */ = {isa = PBXFileReference; lastKnownFileType = file.xib; path = ToolView.xib; sourceTree = "<group>"; };
		9509045C0FCFC591004500ED /* ToolView.h */ = {isa = PBXFileReference; fileEncoding = 4; lastKnownFileType = sourcecode.c.h; path = ToolView.h; sourceTree = "<group>"; };
		9509045D0FCFC591004500ED /* ToolView.mm */ = {isa = PBXFileReference; fileEncoding = 4; lastKnownFileType = sourcecode.cpp.objcpp; path = ToolView.mm; sourceTree = "<group>"; };
		951396660F9F16B70055A8AF /* PaintView.h */ = {isa = PBXFileReference; fileEncoding = 4; lastKnownFileType = sourcecode.c.h; path = PaintView.h; sourceTree = "<group>"; };
		951396670F9F16B70055A8AF /* PaintView.mm */ = {isa = PBXFileReference; fileEncoding = 4; lastKnownFileType = sourcecode.cpp.objcpp; path = PaintView.mm; sourceTree = "<group>"; };
		9513966B0F9F16C10055A8AF /* PaintViewController.h */ = {isa = PBXFileReference; fileEncoding = 4; lastKnownFileType = sourcecode.c.h; path = PaintViewController.h; sourceTree = "<group>"; };
		9513966C0F9F16C10055A8AF /* PaintViewController.mm */ = {isa = PBXFileReference; fileEncoding = 4; lastKnownFileType = sourcecode.cpp.objcpp; path = PaintViewController.mm; sourceTree = "<group>"; };
		951664030FCC86DA001E3BC3 /* IBitmap.h */ = {isa = PBXFileReference; fileEncoding = 4; lastKnownFileType = sourcecode.c.h; path = IBitmap.h; sourceTree = "<group>"; };
		951664040FCC86DA001E3BC3 /* IBitmap.cpp */ = {isa = PBXFileReference; fileEncoding = 4; lastKnownFileType = sourcecode.cpp.cpp; path = IBitmap.cpp; sourceTree = "<group>"; };
		951664060FCC86ED001E3BC3 /* Types.h */ = {isa = PBXFileReference; fileEncoding = 4; lastKnownFileType = sourcecode.c.h; path = Types.h; sourceTree = "<group>"; };
		951664070FCC86ED001E3BC3 /* Types.cpp */ = {isa = PBXFileReference; fileEncoding = 4; lastKnownFileType = sourcecode.cpp.cpp; path = Types.cpp; sourceTree = "<group>"; };
		951664090FCC8729001E3BC3 /* BitmapMem.h */ = {isa = PBXFileReference; fileEncoding = 4; lastKnownFileType = sourcecode.c.h; path = BitmapMem.h; sourceTree = "<group>"; };
		9516640A0FCC8729001E3BC3 /* BitmapMem.cpp */ = {isa = PBXFileReference; fileEncoding = 4; lastKnownFileType = sourcecode.cpp.cpp; path = BitmapMem.cpp; sourceTree = "<group>"; };
		9516640C0FCC875B001E3BC3 /* BitmapRef.h */ = {isa = PBXFileReference; fileEncoding = 4; lastKnownFileType = sourcecode.c.h; path = BitmapRef.h; sourceTree = "<group>"; };
		9516640D0FCC875B001E3BC3 /* BitmapRef.cpp */ = {isa = PBXFileReference; fileEncoding = 4; lastKnownFileType = sourcecode.cpp.cpp; path = BitmapRef.cpp; sourceTree = "<group>"; };
		9516640F0FCC877F001E3BC3 /* TileRenderer.h */ = {isa = PBXFileReference; fileEncoding = 4; lastKnownFileType = sourcecode.c.h; path = TileRenderer.h; sourceTree = "<group>"; };
		951664100FCC877F001E3BC3 /* TileRenderer.cpp */ = {isa = PBXFileReference; fileEncoding = 4; lastKnownFileType = sourcecode.cpp.cpp; path = TileRenderer.cpp; sourceTree = "<group>"; };
		953CFE5E0FF5231A002A9985 /* CoreFoundation.framework */ = {isa = PBXFileReference; lastKnownFileType = wrapper.framework; name = CoreFoundation.framework; path = System/Library/Frameworks/CoreFoundation.framework; sourceTree = SDKROOT; };
		9546A6BA0FF7BE7F0035BBA4 /* todo.txt */ = {isa = PBXFileReference; fileEncoding = 4; lastKnownFileType = text; path = todo.txt; sourceTree = "<group>"; };
		954DBC9C0FA1D3870095ECA9 /* AudioToolbox.framework */ = {isa = PBXFileReference; lastKnownFileType = wrapper.framework; name = AudioToolbox.framework; path = System/Library/Frameworks/AudioToolbox.framework; sourceTree = SDKROOT; };
		954DBCAF0FA1D76E0095ECA9 /* CoreAudio.framework */ = {isa = PBXFileReference; lastKnownFileType = wrapper.framework; name = CoreAudio.framework; path = System/Library/Frameworks/CoreAudio.framework; sourceTree = SDKROOT; };
		95BA19140FDC3B8100671003 /* UIVerticalSlider.h */ = {isa = PBXFileReference; fileEncoding = 4; lastKnownFileType = sourcecode.c.h; name = UIVerticalSlider.h; path = ../UIVerticalSlider.h; sourceTree = "<group>"; };
		95BA19150FDC3B8100671003 /* UIVerticalSlider.m */ = {isa = PBXFileReference; fileEncoding = 4; lastKnownFileType = sourcecode.c.objc; name = UIVerticalSlider.m; path = ../UIVerticalSlider.m; sourceTree = "<group>"; };
		95C93E570FF82598005C9FED /* Default.png */ = {isa = PBXFileReference; lastKnownFileType = image.png; path = Default.png; sourceTree = "<group>"; };
/* End PBXFileReference section */

/* Begin PBXFrameworksBuildPhase section */
		1D60588F0D05DD3D006BFB54 /* Frameworks */ = {
			isa = PBXFrameworksBuildPhase;
			buildActionMask = 2147483647;
			files = (
				1D60589F0D05DD5A006BFB54 /* Foundation.framework in Frameworks */,
				1DF5F4E00D08C38300B7A737 /* UIKit.framework in Frameworks */,
				288765FD0DF74451002DB57D /* CoreGraphics.framework in Frameworks */,
				954DBC9D0FA1D3870095ECA9 /* AudioToolbox.framework in Frameworks */,
				954DBCB00FA1D76E0095ECA9 /* CoreAudio.framework in Frameworks */,
				953CFE5F0FF5231A002A9985 /* CoreFoundation.framework in Frameworks */,
			);
			runOnlyForDeploymentPostprocessing = 0;
		};
/* End PBXFrameworksBuildPhase section */

/* Begin PBXGroup section */
		080E96DDFE201D6D7F000001 /* Classes */ = {
			isa = PBXGroup;
			children = (
				9504B3C50FCDC0030046D54D /* Application.cpp */,
				9504B3C40FCDC0030046D54D /* Application.h */,
				9516640A0FCC8729001E3BC3 /* BitmapMem.cpp */,
				951664090FCC8729001E3BC3 /* BitmapMem.h */,
				9516640D0FCC875B001E3BC3 /* BitmapRef.cpp */,
				9516640C0FCC875B001E3BC3 /* BitmapRef.h */,
				9504B2780FCDB4270046D54D /* Brush.cpp */,
				9504B2770FCDB4270046D54D /* Brush.h */,
				9504B3C90FCDC06B0046D54D /* BrushCache.cpp */,
				9504B3C80FCDC06B0046D54D /* BrushCache.h */,
				9504B27B0FCDB4410046D54D /* Calc.cpp */,
				9504B27A0FCDB4410046D54D /* Calc.h */,
				9504B27E0FCDB4C80046D54D /* Callback.cpp */,
				9504B27D0FCDB4C80046D54D /* Callback.h */,
				9504B2750FCDB4220046D54D /* Col.cpp */,
				9504B2740FCDB4220046D54D /* Col.h */,
				9504B2720FCDB3FC0046D54D /* ColBuf.cpp */,
				9504B2710FCDB3FC0046D54D /* ColBuf.h */,
				9504B26F0FCDB3F60046D54D /* Coord.cpp */,
				9504B26E0FCDB3F60046D54D /* Coord.h */,
				9504B26B0FCDB3DE0046D54D /* Dirty.cpp */,
				9504B26A0FCDB3DE0046D54D /* Dirty.h */,
				951664040FCC86DA001E3BC3 /* IBitmap.cpp */,
				951664030FCC86DA001E3BC3 /* IBitmap.h */,
				9504B2680FCDB3D00046D54D /* Input.cpp */,
				9504B2670FCDB3D00046D54D /* Input.h */,
				9504B2D50FCDB60B0046D54D /* Log.cpp */,
				9504B2D40FCDB60B0046D54D /* Log.h */,
				1D3623240D0F684500981E51 /* paint_01AppDelegate.h */,
				1D3623250D0F684500981E51 /* paint_01AppDelegate.mm */,
				9504B2650FCDB3BD0046D54D /* Painter.cpp */,
				9504B2640FCDB3BD0046D54D /* Painter.h */,
				951396660F9F16B70055A8AF /* PaintView.h */,
				951396670F9F16B70055A8AF /* PaintView.mm */,
				9513966B0F9F16C10055A8AF /* PaintViewController.h */,
				9513966C0F9F16C10055A8AF /* PaintViewController.mm */,
				9504B2620FCDB3B20046D54D /* Rect.cpp */,
				9504B2610FCDB3B20046D54D /* Rect.h */,
				9504B25F0FCDB3A40046D54D /* Sample.cpp */,
				9504B25E0FCDB3A40046D54D /* Sample.h */,
				951664100FCC877F001E3BC3 /* TileRenderer.cpp */,
				9516640F0FCC877F001E3BC3 /* TileRenderer.h */,
				9509045C0FCFC591004500ED /* ToolView.h */,
				9509045D0FCFC591004500ED /* ToolView.mm */,
				9504B25C0FCDB3960046D54D /* Touch.cpp */,
				9504B25B0FCDB3960046D54D /* Touch.h */,
				9504B2590FCDB3810046D54D /* Traveller.cpp */,
				9504B2580FCDB3810046D54D /* Traveller.h */,
				951664070FCC86ED001E3BC3 /* Types.cpp */,
				951664060FCC86ED001E3BC3 /* Types.h */,
				95BA19140FDC3B8100671003 /* UIVerticalSlider.h */,
				95BA19150FDC3B8100671003 /* UIVerticalSlider.m */,
			);
			path = Classes;
			sourceTree = "<group>";
		};
		19C28FACFE9D520D11CA2CBB /* Products */ = {
			isa = PBXGroup;
			children = (
				1D6058910D05DD3D006BFB54 /* paint-01.app */,
			);
			name = Products;
			sourceTree = "<group>";
		};
		29B97314FDCFA39411CA2CEA /* CustomTemplate */ = {
			isa = PBXGroup;
			children = (
				080E96DDFE201D6D7F000001 /* Classes */,
				29B97315FDCFA39411CA2CEA /* Other Sources */,
				29B97317FDCFA39411CA2CEA /* Resources */,
				29B97323FDCFA39411CA2CEA /* Frameworks */,
				19C28FACFE9D520D11CA2CBB /* Products */,
				9546A6BA0FF7BE7F0035BBA4 /* todo.txt */,
			);
			name = CustomTemplate;
			sourceTree = "<group>";
		};
		29B97315FDCFA39411CA2CEA /* Other Sources */ = {
			isa = PBXGroup;
			children = (
				32CA4F630368D1EE00C91783 /* paint_01_Prefix.pch */,
				29B97316FDCFA39411CA2CEA /* main.m */,
			);
			name = "Other Sources";
			sourceTree = "<group>";
		};
		29B97317FDCFA39411CA2CEA /* Resources */ = {
			isa = PBXGroup;
			children = (
				28AD733E0D9D9553002E5188 /* MainWindow.xib */,
				8D1107310486CEB800E47090 /* Info.plist */,
				9509044F0FCFC3F0004500ED /* ToolView.xib */,
				95C93E570FF82598005C9FED /* Default.png */,
			);
			name = Resources;
			sourceTree = "<group>";
		};
		29B97323FDCFA39411CA2CEA /* Frameworks */ = {
			isa = PBXGroup;
			children = (
				953CFE5E0FF5231A002A9985 /* CoreFoundation.framework */,
				954DBCAF0FA1D76E0095ECA9 /* CoreAudio.framework */,
				954DBC9C0FA1D3870095ECA9 /* AudioToolbox.framework */,
				1DF5F4DF0D08C38300B7A737 /* UIKit.framework */,
				1D30AB110D05D00D00671497 /* Foundation.framework */,
				288765FC0DF74451002DB57D /* CoreGraphics.framework */,
			);
			name = Frameworks;
			sourceTree = "<group>";
		};
/* End PBXGroup section */

/* Begin PBXNativeTarget section */
		1D6058900D05DD3D006BFB54 /* paint-01 */ = {
			isa = PBXNativeTarget;
			buildConfigurationList = 1D6058960D05DD3E006BFB54 /* Build configuration list for PBXNativeTarget "paint-01" */;
			buildPhases = (
				1D60588D0D05DD3D006BFB54 /* Resources */,
				1D60588E0D05DD3D006BFB54 /* Sources */,
				1D60588F0D05DD3D006BFB54 /* Frameworks */,
			);
			buildRules = (
			);
			dependencies = (
			);
			name = "paint-01";
			productName = "paint-01";
			productReference = 1D6058910D05DD3D006BFB54 /* paint-01.app */;
			productType = "com.apple.product-type.application";
		};
/* End PBXNativeTarget section */

/* Begin PBXProject section */
		29B97313FDCFA39411CA2CEA /* Project object */ = {
			isa = PBXProject;
			buildConfigurationList = C01FCF4E08A954540054247B /* Build configuration list for PBXProject "paint-01" */;
			compatibilityVersion = "Xcode 3.1";
			hasScannedForEncodings = 1;
			mainGroup = 29B97314FDCFA39411CA2CEA /* CustomTemplate */;
			projectDirPath = "";
			projectRoot = "";
			targets = (
				1D6058900D05DD3D006BFB54 /* paint-01 */,
			);
		};
/* End PBXProject section */

/* Begin PBXResourcesBuildPhase section */
		1D60588D0D05DD3D006BFB54 /* Resources */ = {
			isa = PBXResourcesBuildPhase;
			buildActionMask = 2147483647;
			files = (
				28AD733F0D9D9553002E5188 /* MainWindow.xib in Resources */,
				950904500FCFC3F0004500ED /* ToolView.xib in Resources */,
				9546A6BB0FF7BE7F0035BBA4 /* todo.txt in Resources */,
				95C93E580FF82598005C9FED /* Default.png in Resources */,
			);
			runOnlyForDeploymentPostprocessing = 0;
		};
/* End PBXResourcesBuildPhase section */

/* Begin PBXSourcesBuildPhase section */
		1D60588E0D05DD3D006BFB54 /* Sources */ = {
			isa = PBXSourcesBuildPhase;
			buildActionMask = 2147483647;
			files = (
				1D60589B0D05DD56006BFB54 /* main.m in Sources */,
				1D3623260D0F684500981E51 /* paint_01AppDelegate.mm in Sources */,
				951396680F9F16B70055A8AF /* PaintView.mm in Sources */,
				9513966D0F9F16C10055A8AF /* PaintViewController.mm in Sources */,
				951664050FCC86DA001E3BC3 /* IBitmap.cpp in Sources */,
				951664080FCC86ED001E3BC3 /* Types.cpp in Sources */,
				9516640B0FCC8729001E3BC3 /* BitmapMem.cpp in Sources */,
				9516640E0FCC875B001E3BC3 /* BitmapRef.cpp in Sources */,
				951664110FCC877F001E3BC3 /* TileRenderer.cpp in Sources */,
				9504B25A0FCDB3810046D54D /* Traveller.cpp in Sources */,
				9504B25D0FCDB3960046D54D /* Touch.cpp in Sources */,
				9504B2600FCDB3A40046D54D /* Sample.cpp in Sources */,
				9504B2630FCDB3B20046D54D /* Rect.cpp in Sources */,
				9504B2660FCDB3BD0046D54D /* Painter.cpp in Sources */,
				9504B2690FCDB3D00046D54D /* Input.cpp in Sources */,
				9504B26C0FCDB3DE0046D54D /* Dirty.cpp in Sources */,
				9504B2700FCDB3F60046D54D /* Coord.cpp in Sources */,
				9504B2730FCDB3FC0046D54D /* ColBuf.cpp in Sources */,
				9504B2760FCDB4220046D54D /* Col.cpp in Sources */,
				9504B2790FCDB4270046D54D /* Brush.cpp in Sources */,
				9504B27C0FCDB4410046D54D /* Calc.cpp in Sources */,
				9504B27F0FCDB4C80046D54D /* Callback.cpp in Sources */,
				9504B2D60FCDB60B0046D54D /* Log.cpp in Sources */,
				9504B3C60FCDC0030046D54D /* Application.cpp in Sources */,
				9504B3CA0FCDC06B0046D54D /* BrushCache.cpp in Sources */,
				9509045E0FCFC591004500ED /* ToolView.mm in Sources */,
				95BA19160FDC3B8100671003 /* UIVerticalSlider.m in Sources */,
			);
			runOnlyForDeploymentPostprocessing = 0;
		};
/* End PBXSourcesBuildPhase section */

/* Begin XCBuildConfiguration section */
		1D6058940D05DD3E006BFB54 /* Debug */ = {
			isa = XCBuildConfiguration;
			buildSettings = {
				ALWAYS_SEARCH_USER_PATHS = NO;
				COPY_PHASE_STRIP = NO;
				GCC_DYNAMIC_NO_PIC = NO;
				GCC_OPTIMIZATION_LEVEL = 0;
				GCC_PRECOMPILE_PREFIX_HEADER = YES;
				GCC_PREFIX_HEADER = paint_01_Prefix.pch;
				INFOPLIST_FILE = Info.plist;
				PRODUCT_NAME = "paint-01";
			};
			name = Debug;
		};
		1D6058950D05DD3E006BFB54 /* Release */ = {
			isa = XCBuildConfiguration;
			buildSettings = {
				ALWAYS_SEARCH_USER_PATHS = NO;
				COPY_PHASE_STRIP = YES;
				GCC_PRECOMPILE_PREFIX_HEADER = YES;
				GCC_PREFIX_HEADER = paint_01_Prefix.pch;
				INFOPLIST_FILE = Info.plist;
				PRODUCT_NAME = "paint-01";
			};
			name = Release;
		};
		C01FCF4F08A954540054247B /* Debug */ = {
			isa = XCBuildConfiguration;
			buildSettings = {
				ARCHS = "$(ARCHS_STANDARD_32_BIT)";
				"CODE_SIGN_IDENTITY[sdk=iphoneos*]" = "iPhone Developer";
				GCC_AUTO_VECTORIZATION = NO;
				GCC_C_LANGUAGE_STANDARD = c99;
				GCC_OBJC_CALL_CXX_CDTORS = YES;
				GCC_VERSION = 4.0;
				GCC_WARN_ABOUT_RETURN_TYPE = YES;
				GCC_WARN_UNUSED_VARIABLE = YES;
				ONLY_ACTIVE_ARCH = YES;
				PREBINDING = NO;
				SDKROOT = iphoneos2.2.1;
			};
			name = Debug;
		};
		C01FCF5008A954540054247B /* Release */ = {
			isa = XCBuildConfiguration;
			buildSettings = {
				ARCHS = "$(ARCHS_STANDARD_32_BIT)";
				"CODE_SIGN_IDENTITY[sdk=iphoneos*]" = "iPhone Developer";
				GCC_AUTO_VECTORIZATION = YES;
				GCC_C_LANGUAGE_STANDARD = gnu99;
				GCC_ENABLE_CPP_EXCEPTIONS = NO;
				GCC_ENABLE_CPP_RTTI = NO;
				GCC_FAST_MATH = YES;
				GCC_GENERATE_DEBUGGING_SYMBOLS = NO;
				GCC_OBJC_CALL_CXX_CDTORS = YES;
				GCC_OPTIMIZATION_LEVEL = 3;
				GCC_THUMB_SUPPORT = NO;
				GCC_UNROLL_LOOPS = YES;
				GCC_VERSION = 4.2;
				GCC_WARN_ABOUT_RETURN_TYPE = YES;
				GCC_WARN_UNUSED_VARIABLE = YES;
				PREBINDING = NO;
				SDKROOT = iphoneos3.1.3;
			};
			name = Release;
		};
/* End XCBuildConfiguration section */

/* Begin XCConfigurationList section */
		1D6058960D05DD3E006BFB54 /* Build configuration list for PBXNativeTarget "paint-01" */ = {
			isa = XCConfigurationList;
			buildConfigurations = (
				1D6058940D05DD3E006BFB54 /* Debug */,
				1D6058950D05DD3E006BFB54 /* Release */,
			);
			defaultConfigurationIsVisible = 0;
			defaultConfigurationName = Release;
		};
		C01FCF4E08A954540054247B /* Build configuration list for PBXProject "paint-01" */ = {
			isa = XCConfigurationList;
			buildConfigurations = (
				C01FCF4F08A954540054247B /* Debug */,
				C01FCF5008A954540054247B /* Release */,
			);
			defaultConfigurationIsVisible = 0;
			defaultConfigurationName = Release;
		};
/* End XCConfigurationList section */
	};
	rootObject = 29B97313FDCFA39411CA2CEA /* Project object */;
}
