Microsoft Visual Studio Solution File, Format Version 10.00
# Visual C++ Express 2008
Project("{8BC9CEB8-8B4A-11D0-8D11-00A0C91BC942}") = "klodder", "klodder.vcproj", "{DBE4A689-D49B-480C-887D-EA845F5A165C}"
	ProjectSection(ProjectDependencies) = postProject
		{15181355-E1B6-4301-BC63-836FF83ADEC9} = {15181355-E1B6-4301-BC63-836FF83ADEC9}
		{AA72EA67-92EA-4333-8F7D-DD39546B467D} = {AA72EA67-92EA-4333-8F7D-DD39546B467D}
		{00E0A7D0-E9FE-4579-9A3B-299699C004EF} = {00E0A7D0-E9FE-4579-9A3B-299699C004EF}
		{A2837BD3-8A53-4270-A36D-DDBA00FF61E2} = {A2837BD3-8A53-4270-A36D-DDBA00FF61E2}
		{863786EF-4EB0-4423-9682-B8B64D01329A} = {863786EF-4EB0-4423-9682-B8B64D01329A}
	EndProjectSection
EndProject
Project("{8BC9CEB8-8B4A-11D0-8D11-00A0C91BC942}") = "brushcompiler", "brushcompiler\brushcompiler.vcproj", "{54AAE4E8-8A64-4DA0-8B61-07EAB7851656}"
	ProjectSection(ProjectDependencies) = postProject
		{3151FA4C-E547-40AB-A7F7-F91A8B2BF9B6} = {3151FA4C-E547-40AB-A7F7-F91A8B2BF9B6}
		{AA72EA67-92EA-4333-8F7D-DD39546B467D} = {AA72EA67-92EA-4333-8F7D-DD39546B467D}
		{00E0A7D0-E9FE-4579-9A3B-299699C004EF} = {00E0A7D0-E9FE-4579-9A3B-299699C004EF}
	EndProjectSection
EndProject
Project("{8BC9CEB8-8B4A-11D0-8D11-00A0C91BC942}") = "libklodder", "libklodder\libklodder.vcproj", "{3151FA4C-E547-40AB-A7F7-F91A8B2BF9B6}"
	ProjectSection(ProjectDependencies) = postProject
		{863786EF-4EB0-4423-9682-B8B64D01329A} = {863786EF-4EB0-4423-9682-B8B64D01329A}
	EndProjectSection
EndProject
Project("{8BC9CEB8-8B4A-11D0-8D11-00A0C91BC942}") = "libcx", "libcx\libcx.vcproj", "{AA72EA67-92EA-4333-8F7D-DD39546B467D}"
EndProject
Project("{8BC9CEB8-8B4A-11D0-8D11-00A0C91BC942}") = "libtinyxml", "libtinyxml\libtinyxml.vcproj", "{A2837BD3-8A53-4270-A36D-DDBA00FF61E2}"
EndProject
Project("{8BC9CEB8-8B4A-11D0-8D11-00A0C91BC942}") = "libgg", "..\libgg\libgg.vcproj", "{00E0A7D0-E9FE-4579-9A3B-299699C004EF}"
EndProject
Project("{8BC9CEB8-8B4A-11D0-8D11-00A0C91BC942}") = "libiphone", "..\libiphone\libiphone.vcproj", "{15181355-E1B6-4301-BC63-836FF83ADEC9}"
EndProject
Project("{8BC9CEB8-8B4A-11D0-8D11-00A0C91BC942}") = "libagg", "libagg\libagg.vcproj", "{863786EF-4EB0-4423-9682-B8B64D01329A}"
EndProject
Global
	GlobalSection(SolutionConfigurationPlatforms) = preSolution
		Debug|Win32 = Debug|Win32
		Distro|Win32 = Distro|Win32
		Release|Win32 = Release|Win32
	EndGlobalSection
	GlobalSection(ProjectConfigurationPlatforms) = postSolution
		{DBE4A689-D49B-480C-887D-EA845F5A165C}.Debug|Win32.ActiveCfg = Debug|Win32
		{DBE4A689-D49B-480C-887D-EA845F5A165C}.Debug|Win32.Build.0 = Debug|Win32
		{DBE4A689-D49B-480C-887D-EA845F5A165C}.Distro|Win32.ActiveCfg = Distro|Win32
		{DBE4A689-D49B-480C-887D-EA845F5A165C}.Distro|Win32.Build.0 = Distro|Win32
		{DBE4A689-D49B-480C-887D-EA845F5A165C}.Release|Win32.ActiveCfg = Release|Win32
		{DBE4A689-D49B-480C-887D-EA845F5A165C}.Release|Win32.Build.0 = Release|Win32
		{54AAE4E8-8A64-4DA0-8B61-07EAB7851656}.Debug|Win32.ActiveCfg = Debug|Win32
		{54AAE4E8-8A64-4DA0-8B61-07EAB7851656}.Debug|Win32.Build.0 = Debug|Win32
		{54AAE4E8-8A64-4DA0-8B61-07EAB7851656}.Distro|Win32.ActiveCfg = Distro|Win32
		{54AAE4E8-8A64-4DA0-8B61-07EAB7851656}.Distro|Win32.Build.0 = Distro|Win32
		{54AAE4E8-8A64-4DA0-8B61-07EAB7851656}.Release|Win32.ActiveCfg = Release|Win32
		{54AAE4E8-8A64-4DA0-8B61-07EAB7851656}.Release|Win32.Build.0 = Release|Win32
		{3151FA4C-E547-40AB-A7F7-F91A8B2BF9B6}.Debug|Win32.ActiveCfg = Debug|Win32
		{3151FA4C-E547-40AB-A7F7-F91A8B2BF9B6}.Debug|Win32.Build.0 = Debug|Win32
		{3151FA4C-E547-40AB-A7F7-F91A8B2BF9B6}.Distro|Win32.ActiveCfg = Distro|Win32
		{3151FA4C-E547-40AB-A7F7-F91A8B2BF9B6}.Distro|Win32.Build.0 = Distro|Win32
		{3151FA4C-E547-40AB-A7F7-F91A8B2BF9B6}.Release|Win32.ActiveCfg = Release|Win32
		{3151FA4C-E547-40AB-A7F7-F91A8B2BF9B6}.Release|Win32.Build.0 = Release|Win32
		{AA72EA67-92EA-4333-8F7D-DD39546B467D}.Debug|Win32.ActiveCfg = Debug|Win32
		{AA72EA67-92EA-4333-8F7D-DD39546B467D}.Debug|Win32.Build.0 = Debug|Win32
		{AA72EA67-92EA-4333-8F7D-DD39546B467D}.Distro|Win32.ActiveCfg = Distro|Win32
		{AA72EA67-92EA-4333-8F7D-DD39546B467D}.Distro|Win32.Build.0 = Distro|Win32
		{AA72EA67-92EA-4333-8F7D-DD39546B467D}.Release|Win32.ActiveCfg = Release|Win32
		{AA72EA67-92EA-4333-8F7D-DD39546B467D}.Release|Win32.Build.0 = Release|Win32
		{A2837BD3-8A53-4270-A36D-DDBA00FF61E2}.Debug|Win32.ActiveCfg = Debug|Win32
		{A2837BD3-8A53-4270-A36D-DDBA00FF61E2}.Debug|Win32.Build.0 = Debug|Win32
		{A2837BD3-8A53-4270-A36D-DDBA00FF61E2}.Distro|Win32.ActiveCfg = Distro|Win32
		{A2837BD3-8A53-4270-A36D-DDBA00FF61E2}.Distro|Win32.Build.0 = Distro|Win32
		{A2837BD3-8A53-4270-A36D-DDBA00FF61E2}.Release|Win32.ActiveCfg = Release|Win32
		{A2837BD3-8A53-4270-A36D-DDBA00FF61E2}.Release|Win32.Build.0 = Release|Win32
		{00E0A7D0-E9FE-4579-9A3B-299699C004EF}.Debug|Win32.ActiveCfg = Debug|Win32
		{00E0A7D0-E9FE-4579-9A3B-299699C004EF}.Debug|Win32.Build.0 = Debug|Win32
		{00E0A7D0-E9FE-4579-9A3B-299699C004EF}.Distro|Win32.ActiveCfg = Distro|Win32
		{00E0A7D0-E9FE-4579-9A3B-299699C004EF}.Distro|Win32.Build.0 = Distro|Win32
		{00E0A7D0-E9FE-4579-9A3B-299699C004EF}.Release|Win32.ActiveCfg = Release|Win32
		{00E0A7D0-E9FE-4579-9A3B-299699C004EF}.Release|Win32.Build.0 = Release|Win32
		{15181355-E1B6-4301-BC63-836FF83ADEC9}.Debug|Win32.ActiveCfg = Debug|Win32
		{15181355-E1B6-4301-BC63-836FF83ADEC9}.Debug|Win32.Build.0 = Debug|Win32
		{15181355-E1B6-4301-BC63-836FF83ADEC9}.Distro|Win32.ActiveCfg = Debug|Win32
		{15181355-E1B6-4301-BC63-836FF83ADEC9}.Distro|Win32.Build.0 = Debug|Win32
		{15181355-E1B6-4301-BC63-836FF83ADEC9}.Release|Win32.ActiveCfg = Release|Win32
		{15181355-E1B6-4301-BC63-836FF83ADEC9}.Release|Win32.Build.0 = Release|Win32
		{863786EF-4EB0-4423-9682-B8B64D01329A}.Debug|Win32.ActiveCfg = Debug|Win32
		{863786EF-4EB0-4423-9682-B8B64D01329A}.Debug|Win32.Build.0 = Debug|Win32
		{863786EF-4EB0-4423-9682-B8B64D01329A}.Distro|Win32.ActiveCfg = Debug|Win32
		{863786EF-4EB0-4423-9682-B8B64D01329A}.Distro|Win32.Build.0 = Debug|Win32
		{863786EF-4EB0-4423-9682-B8B64D01329A}.Release|Win32.ActiveCfg = Release|Win32
		{863786EF-4EB0-4423-9682-B8B64D01329A}.Release|Win32.Build.0 = Release|Win32
	EndGlobalSection
	GlobalSection(SolutionProperties) = preSolution
		HideSolutionNode = FALSE
	EndGlobalSection
EndGlobal
