// !$*UTF8*$!
{
	archiveVersion = 1;
	classes = {
	};
	objectVersion = 46;
	objects = {

/* Begin PBXBuildFile section */
		9557C2B6163C6362005351AA /* main.cpp in Sources */ = {isa = PBXBuildFile; fileRef = 9557C2B5163C6362005351AA /* main.cpp */; };
		9557C2B8163C6362005351AA /* trees.1 in CopyFiles */ = {isa = PBXBuildFile; fileRef = 9557C2B7163C6362005351AA /* trees.1 */; };
		95900523163D8C0600DD6705 /* radix.cpp in Sources */ = {isa = PBXBuildFile; fileRef = 95900522163D8C0600DD6705 /* radix.cpp */; };
/* End PBXBuildFile section */

/* Begin PBXCopyFilesBuildPhase section */
		9557C2AF163C6362005351AA /* CopyFiles */ = {
			isa = PBXCopyFilesBuildPhase;
			buildActionMask = 2147483647;
			dstPath = /usr/share/man/man1/;
			dstSubfolderSpec = 0;
			files = (
				9557C2B8163C6362005351AA /* trees.1 in CopyFiles */,
			);
			runOnlyForDeploymentPostprocessing = 1;
		};
/* End PBXCopyFilesBuildPhase section */

/* Begin PBXFileReference section */
		9557C2B1163C6362005351AA /* trees */ = {isa = PBXFileReference; explicitFileType = "compiled.mach-o.executable"; includeInIndex = 0; path = trees; sourceTree = BUILT_PRODUCTS_DIR; };
		9557C2B5163C6362005351AA /* main.cpp */ = {isa = PBXFileReference; lastKnownFileType = sourcecode.cpp.cpp; path = main.cpp; sourceTree = "<group>"; };
		9557C2B7163C6362005351AA /* trees.1 */ = {isa = PBXFileReference; lastKnownFileType = text.man; path = trees.1; sourceTree = "<group>"; };
		95900522163D8C0600DD6705 /* radix.cpp */ = {isa = PBXFileReference; fileEncoding = 4; lastKnownFileType = sourcecode.cpp.cpp; path = radix.cpp; sourceTree = "<group>"; };
/* End PBXFileReference section */

/* Begin PBXFrameworksBuildPhase section */
		9557C2AE163C6362005351AA /* Frameworks */ = {
			isa = PBXFrameworksBuildPhase;
			buildActionMask = 2147483647;
			files = (
			);
			runOnlyForDeploymentPostprocessing = 0;
		};
/* End PBXFrameworksBuildPhase section */

/* Begin PBXGroup section */
		9557C2A6163C6362005351AA = {
			isa = PBXGroup;
			children = (
				9557C2B4163C6362005351AA /* trees */,
				9557C2B2163C6362005351AA /* Products */,
			);
			sourceTree = "<group>";
		};
		9557C2B2163C6362005351AA /* Products */ = {
			isa = PBXGroup;
			children = (
				9557C2B1163C6362005351AA /* trees */,
			);
			name = Products;
			sourceTree = "<group>";
		};
		9557C2B4163C6362005351AA /* trees */ = {
			isa = PBXGroup;
			children = (
				9557C2B5163C6362005351AA /* main.cpp */,
				9557C2B7163C6362005351AA /* trees.1 */,
				95900522163D8C0600DD6705 /* radix.cpp */,
			);
			path = trees;
			sourceTree = "<group>";
		};
/* End PBXGroup section */

/* Begin PBXNativeTarget section */
		9557C2B0163C6362005351AA /* trees */ = {
			isa = PBXNativeTarget;
			buildConfigurationList = 9557C2BB163C6362005351AA /* Build configuration list for PBXNativeTarget "trees" */;
			buildPhases = (
				9557C2AD163C6362005351AA /* Sources */,
				9557C2AE163C6362005351AA /* Frameworks */,
				9557C2AF163C6362005351AA /* CopyFiles */,
			);
			buildRules = (
			);
			dependencies = (
			);
			name = trees;
			productName = trees;
			productReference = 9557C2B1163C6362005351AA /* trees */;
			productType = "com.apple.product-type.tool";
		};
/* End PBXNativeTarget section */

/* Begin PBXProject section */
		9557C2A8163C6362005351AA /* Project object */ = {
			isa = PBXProject;
			attributes = {
				LastUpgradeCheck = 0420;
			};
			buildConfigurationList = 9557C2AB163C6362005351AA /* Build configuration list for PBXProject "trees" */;
			compatibilityVersion = "Xcode 3.2";
			developmentRegion = English;
			hasScannedForEncodings = 0;
			knownRegions = (
				en,
			);
			mainGroup = 9557C2A6163C6362005351AA;
			productRefGroup = 9557C2B2163C6362005351AA /* Products */;
			projectDirPath = "";
			projectRoot = "";
			targets = (
				9557C2B0163C6362005351AA /* trees */,
			);
		};
/* End PBXProject section */

/* Begin PBXSourcesBuildPhase section */
		9557C2AD163C6362005351AA /* Sources */ = {
			isa = PBXSourcesBuildPhase;
			buildActionMask = 2147483647;
			files = (
				9557C2B6163C6362005351AA /* main.cpp in Sources */,
				95900523163D8C0600DD6705 /* radix.cpp in Sources */,
			);
			runOnlyForDeploymentPostprocessing = 0;
		};
/* End PBXSourcesBuildPhase section */

/* Begin XCBuildConfiguration section */
		9557C2B9163C6362005351AA /* Debug */ = {
			isa = XCBuildConfiguration;
			buildSettings = {
				ALWAYS_SEARCH_USER_PATHS = NO;
				ARCHS = "$(ARCHS_STANDARD_64_BIT)";
				COPY_PHASE_STRIP = NO;
				GCC_C_LANGUAGE_STANDARD = gnu99;
				GCC_ENABLE_CPP_EXCEPTIONS = NO;
				GCC_ENABLE_CPP_RTTI = NO;
				GCC_ENABLE_OBJC_EXCEPTIONS = NO;
				GCC_OPTIMIZATION_LEVEL = 0;
				GCC_PREPROCESSOR_DEFINITIONS = (
					"DEBUG=1",
					"$(inherited)",
				);
				GCC_UNROLL_LOOPS = NO;
				GCC_VERSION = com.apple.compilers.llvm.clang.1_0;
				GCC_WARN_64_TO_32_BIT_CONVERSION = YES;
				GCC_WARN_ABOUT_MISSING_PROTOTYPES = YES;
				GCC_WARN_ABOUT_RETURN_TYPE = YES;
				GCC_WARN_UNUSED_VARIABLE = YES;
				MACOSX_DEPLOYMENT_TARGET = 10.6;
				ONLY_ACTIVE_ARCH = YES;
				SDKROOT = macosx;
			};
			name = Debug;
		};
		9557C2BA163C6362005351AA /* Release */ = {
			isa = XCBuildConfiguration;
			buildSettings = {
				ALWAYS_SEARCH_USER_PATHS = NO;
				ARCHS = "$(ARCHS_STANDARD_64_BIT)";
				COPY_PHASE_STRIP = NO;
				DEBUG_INFORMATION_FORMAT = "dwarf-with-dsym";
				GCC_C_LANGUAGE_STANDARD = gnu99;
				GCC_ENABLE_CPP_EXCEPTIONS = NO;
				GCC_ENABLE_CPP_RTTI = NO;
				GCC_ENABLE_OBJC_EXCEPTIONS = NO;
				GCC_OPTIMIZATION_LEVEL = 2;
				GCC_UNROLL_LOOPS = YES;
				GCC_VERSION = com.apple.compilers.llvm.clang.1_0;
				GCC_WARN_64_TO_32_BIT_CONVERSION = YES;
				GCC_WARN_ABOUT_MISSING_PROTOTYPES = YES;
				GCC_WARN_ABOUT_RETURN_TYPE = YES;
				GCC_WARN_UNUSED_VARIABLE = YES;
				MACOSX_DEPLOYMENT_TARGET = 10.6;
				SDKROOT = macosx;
			};
			name = Release;
		};
		9557C2BC163C6362005351AA /* Debug */ = {
			isa = XCBuildConfiguration;
			buildSettings = {
				PRODUCT_NAME = "$(TARGET_NAME)";
			};
			name = Debug;
		};
		9557C2BD163C6362005351AA /* Release */ = {
			isa = XCBuildConfiguration;
			buildSettings = {
				PRODUCT_NAME = "$(TARGET_NAME)";
			};
			name = Release;
		};
/* End XCBuildConfiguration section */

/* Begin XCConfigurationList section */
		9557C2AB163C6362005351AA /* Build configuration list for PBXProject "trees" */ = {
			isa = XCConfigurationList;
			buildConfigurations = (
				9557C2B9163C6362005351AA /* Debug */,
				9557C2BA163C6362005351AA /* Release */,
			);
			defaultConfigurationIsVisible = 0;
			defaultConfigurationName = Release;
		};
		9557C2BB163C6362005351AA /* Build configuration list for PBXNativeTarget "trees" */ = {
			isa = XCConfigurationList;
			buildConfigurations = (
				9557C2BC163C6362005351AA /* Debug */,
				9557C2BD163C6362005351AA /* Release */,
			);
			defaultConfigurationIsVisible = 0;
			defaultConfigurationName = Release;
		};
/* End XCConfigurationList section */
	};
	rootObject = 9557C2A8163C6362005351AA /* Project object */;
}
