
Microsoft Visual Studio Solution File, Format Version 10.00
# Visual Studio 2008
Project("{8BC9CEB8-8B4A-11D0-8D11-00A0C91BC942}") = "dx11", "dx11.vcproj", "{87BDF5FA-B960-4DAA-99C3-B4F429DA0EB0}"
EndProject
Global
	GlobalSection(SolutionConfigurationPlatforms) = preSolution
		Debug|Win32 = Debug|Win32
		Distro|Win32 = Distro|Win32
		Release|Win32 = Release|Win32
	EndGlobalSection
	GlobalSection(ProjectConfigurationPlatforms) = postSolution
		{87BDF5FA-B960-4DAA-99C3-B4F429DA0EB0}.Debug|Win32.ActiveCfg = Debug|Win32
		{87BDF5FA-B960-4DAA-99C3-B4F429DA0EB0}.Debug|Win32.Build.0 = Debug|Win32
		{87BDF5FA-B960-4DAA-99C3-B4F429DA0EB0}.Distro|Win32.ActiveCfg = Debug|Win32
		{87BDF5FA-B960-4DAA-99C3-B4F429DA0EB0}.Distro|Win32.Build.0 = Debug|Win32
		{87BDF5FA-B960-4DAA-99C3-B4F429DA0EB0}.Release|Win32.ActiveCfg = Release|Win32
		{87BDF5FA-B960-4DAA-99C3-B4F429DA0EB0}.Release|Win32.Build.0 = Release|Win32
	EndGlobalSection
	GlobalSection(SolutionProperties) = preSolution
		HideSolutionNode = FALSE
	EndGlobalSection
EndGlobal
