
Microsoft Visual Studio Solution File, Format Version 11.00
# Visual Studio 2010
Project("{8BC9CEB8-8B4A-11D0-8D11-00A0C91BC942}") = "box2d1", "box2d1\box2d1.vcxproj", "{9C0473A8-797A-43AC-9C85-8E808C167BA5}"
	ProjectSection(ProjectDependencies) = postProject
		{D802E1B3-D3BA-4747-A7E5-5FA3F33C93E3} = {D802E1B3-D3BA-4747-A7E5-5FA3F33C93E3}
	EndProjectSection
EndProject
Project("{8BC9CEB8-8B4A-11D0-8D11-00A0C91BC942}") = "Box2D", "..\..\..\_box2d\Box2D\Box2D\Box2D.vcxproj", "{D802E1B3-D3BA-4747-A7E5-5FA3F33C93E3}"
EndProject
Global
	GlobalSection(SolutionConfigurationPlatforms) = preSolution
		Debug|Win32 = Debug|Win32
		MinSizeRel|Win32 = MinSizeRel|Win32
		Release|Win32 = Release|Win32
		RelWithDebInfo|Win32 = RelWithDebInfo|Win32
	EndGlobalSection
	GlobalSection(ProjectConfigurationPlatforms) = postSolution
		{9C0473A8-797A-43AC-9C85-8E808C167BA5}.Debug|Win32.ActiveCfg = Debug|Win32
		{9C0473A8-797A-43AC-9C85-8E808C167BA5}.Debug|Win32.Build.0 = Debug|Win32
		{9C0473A8-797A-43AC-9C85-8E808C167BA5}.MinSizeRel|Win32.ActiveCfg = Release|Win32
		{9C0473A8-797A-43AC-9C85-8E808C167BA5}.MinSizeRel|Win32.Build.0 = Release|Win32
		{9C0473A8-797A-43AC-9C85-8E808C167BA5}.Release|Win32.ActiveCfg = Release|Win32
		{9C0473A8-797A-43AC-9C85-8E808C167BA5}.Release|Win32.Build.0 = Release|Win32
		{9C0473A8-797A-43AC-9C85-8E808C167BA5}.RelWithDebInfo|Win32.ActiveCfg = Release|Win32
		{9C0473A8-797A-43AC-9C85-8E808C167BA5}.RelWithDebInfo|Win32.Build.0 = Release|Win32
		{D802E1B3-D3BA-4747-A7E5-5FA3F33C93E3}.Debug|Win32.ActiveCfg = Debug|Win32
		{D802E1B3-D3BA-4747-A7E5-5FA3F33C93E3}.Debug|Win32.Build.0 = Debug|Win32
		{D802E1B3-D3BA-4747-A7E5-5FA3F33C93E3}.MinSizeRel|Win32.ActiveCfg = MinSizeRel|Win32
		{D802E1B3-D3BA-4747-A7E5-5FA3F33C93E3}.MinSizeRel|Win32.Build.0 = MinSizeRel|Win32
		{D802E1B3-D3BA-4747-A7E5-5FA3F33C93E3}.Release|Win32.ActiveCfg = Release|Win32
		{D802E1B3-D3BA-4747-A7E5-5FA3F33C93E3}.Release|Win32.Build.0 = Release|Win32
		{D802E1B3-D3BA-4747-A7E5-5FA3F33C93E3}.RelWithDebInfo|Win32.ActiveCfg = RelWithDebInfo|Win32
		{D802E1B3-D3BA-4747-A7E5-5FA3F33C93E3}.RelWithDebInfo|Win32.Build.0 = RelWithDebInfo|Win32
	EndGlobalSection
	GlobalSection(SolutionProperties) = preSolution
		HideSolutionNode = FALSE
	EndGlobalSection
EndGlobal
