
Microsoft Visual Studio Solution File, Format Version 10.00
# Visual Studio 2008
Project("{8BC9CEB8-8B4A-11D0-8D11-00A0C91BC942}") = "sas1", "sas1.vcproj", "{3577AB97-4837-4012-92FD-E82A8DE8714F}"
EndProject
Global
	GlobalSection(SolutionConfigurationPlatforms) = preSolution
		PSP Debug Opt|Win32 = PSP Debug Opt|Win32
		PSP Debug|Win32 = PSP Debug|Win32
		PSP Release|Win32 = PSP Release|Win32
	EndGlobalSection
	GlobalSection(ProjectConfigurationPlatforms) = postSolution
		{3577AB97-4837-4012-92FD-E82A8DE8714F}.PSP Debug Opt|Win32.ActiveCfg = PSP Debug Opt|Win32
		{3577AB97-4837-4012-92FD-E82A8DE8714F}.PSP Debug Opt|Win32.Build.0 = PSP Debug Opt|Win32
		{3577AB97-4837-4012-92FD-E82A8DE8714F}.PSP Debug|Win32.ActiveCfg = PSP Debug|Win32
		{3577AB97-4837-4012-92FD-E82A8DE8714F}.PSP Debug|Win32.Build.0 = PSP Debug|Win32
		{3577AB97-4837-4012-92FD-E82A8DE8714F}.PSP Release|Win32.ActiveCfg = PSP Release|Win32
		{3577AB97-4837-4012-92FD-E82A8DE8714F}.PSP Release|Win32.Build.0 = PSP Release|Win32
	EndGlobalSection
	GlobalSection(SolutionProperties) = preSolution
		HideSolutionNode = FALSE
	EndGlobalSection
EndGlobal
