
Microsoft Visual Studio Solution File, Format Version 10.00
# Visual C++ Express 2008
Project("{8BC9CEB8-8B4A-11D0-8D11-00A0C91BC942}") = "shooter", "shooter\shooter.vcproj", "{05AEF403-470F-4C8E-BAA7-A7EB550C99EC}"
EndProject
Global
	GlobalSection(SolutionConfigurationPlatforms) = preSolution
		Debug|Win32 = Debug|Win32
		Release|Win32 = Release|Win32
	EndGlobalSection
	GlobalSection(ProjectConfigurationPlatforms) = postSolution
		{05AEF403-470F-4C8E-BAA7-A7EB550C99EC}.Debug|Win32.ActiveCfg = Debug|Win32
		{05AEF403-470F-4C8E-BAA7-A7EB550C99EC}.Debug|Win32.Build.0 = Debug|Win32
		{05AEF403-470F-4C8E-BAA7-A7EB550C99EC}.Release|Win32.ActiveCfg = Release|Win32
		{05AEF403-470F-4C8E-BAA7-A7EB550C99EC}.Release|Win32.Build.0 = Release|Win32
	EndGlobalSection
	GlobalSection(SolutionProperties) = preSolution
		HideSolutionNode = FALSE
	EndGlobalSection
EndGlobal
