
Microsoft Visual Studio Solution File, Format Version 10.00
# Visual C++ Express 2008
Project("{8BC9CEB8-8B4A-11D0-8D11-00A0C91BC942}") = "libgg", "libgg.vcproj", "{00E0A7D0-E9FE-4579-9A3B-299699C004EF}"
EndProject
Global
	GlobalSection(SolutionConfigurationPlatforms) = preSolution
		Debug|Win32 = Debug|Win32
		Distro|Win32 = Distro|Win32
		Release|Win32 = Release|Win32
	EndGlobalSection
	GlobalSection(ProjectConfigurationPlatforms) = postSolution
		{00E0A7D0-E9FE-4579-9A3B-299699C004EF}.Debug|Win32.ActiveCfg = Debug|Win32
		{00E0A7D0-E9FE-4579-9A3B-299699C004EF}.Debug|Win32.Build.0 = Debug|Win32
		{00E0A7D0-E9FE-4579-9A3B-299699C004EF}.Distro|Win32.ActiveCfg = Distro|Win32
		{00E0A7D0-E9FE-4579-9A3B-299699C004EF}.Distro|Win32.Build.0 = Distro|Win32
		{00E0A7D0-E9FE-4579-9A3B-299699C004EF}.Release|Win32.ActiveCfg = Release|Win32
		{00E0A7D0-E9FE-4579-9A3B-299699C004EF}.Release|Win32.Build.0 = Release|Win32
	EndGlobalSection
	GlobalSection(SolutionProperties) = preSolution
		HideSolutionNode = FALSE
	EndGlobalSection
EndGlobal
