
Microsoft Visual Studio Solution File, Format Version 10.00
# Visual C++ Express 2008
Project("{8BC9CEB8-8B4A-11D0-8D11-00A0C91BC942}") = "vecrend", "vecrend.vcproj", "{FD0E3DE5-2B35-48F1-8762-3CD1F867CE0B}"
	ProjectSection(ProjectDependencies) = postProject
		{58520387-89B8-4A88-9F2F-DC01525F0EEA} = {58520387-89B8-4A88-9F2F-DC01525F0EEA}
		{4746958B-18DC-4A15-8E7A-59012CD009CB} = {4746958B-18DC-4A15-8E7A-59012CD009CB}
	EndProjectSection
EndProject
Project("{8BC9CEB8-8B4A-11D0-8D11-00A0C91BC942}") = "vecview", "vecview.vcproj", "{53E9C15C-4FFF-4AE6-B053-21864D88870B}"
	ProjectSection(ProjectDependencies) = postProject
		{58520387-89B8-4A88-9F2F-DC01525F0EEA} = {58520387-89B8-4A88-9F2F-DC01525F0EEA}
		{4746958B-18DC-4A15-8E7A-59012CD009CB} = {4746958B-18DC-4A15-8E7A-59012CD009CB}
	EndProjectSection
EndProject
Project("{8BC9CEB8-8B4A-11D0-8D11-00A0C91BC942}") = "veccompile", "veccompile.vcproj", "{EC218800-A8AA-47F5-95BF-AB6C9B7591B3}"
	ProjectSection(ProjectDependencies) = postProject
		{58520387-89B8-4A88-9F2F-DC01525F0EEA} = {58520387-89B8-4A88-9F2F-DC01525F0EEA}
	EndProjectSection
EndProject
Project("{8BC9CEB8-8B4A-11D0-8D11-00A0C91BC942}") = "libvec-allegro", "libvec-allegro.vcproj", "{4746958B-18DC-4A15-8E7A-59012CD009CB}"
	ProjectSection(ProjectDependencies) = postProject
		{58520387-89B8-4A88-9F2F-DC01525F0EEA} = {58520387-89B8-4A88-9F2F-DC01525F0EEA}
	EndProjectSection
EndProject
Project("{8BC9CEB8-8B4A-11D0-8D11-00A0C91BC942}") = "libvec", "libvec.vcproj", "{58520387-89B8-4A88-9F2F-DC01525F0EEA}"
	ProjectSection(ProjectDependencies) = postProject
		{00E0A7D0-E9FE-4579-9A3B-299699C004EF} = {00E0A7D0-E9FE-4579-9A3B-299699C004EF}
	EndProjectSection
EndProject
Project("{8BC9CEB8-8B4A-11D0-8D11-00A0C91BC942}") = "veccompile-vc", "..\..\tools\veccompiler\veccompile-vc.vcproj", "{CF94DE4D-FD2C-42B9-956D-75CF6723499C}"
	ProjectSection(ProjectDependencies) = postProject
		{00E0A7D0-E9FE-4579-9A3B-299699C004EF} = {00E0A7D0-E9FE-4579-9A3B-299699C004EF}
	EndProjectSection
EndProject
Project("{8BC9CEB8-8B4A-11D0-8D11-00A0C91BC942}") = "libgg", "..\..\libgg\libgg.vcproj", "{00E0A7D0-E9FE-4579-9A3B-299699C004EF}"
EndProject
Global
	GlobalSection(SolutionConfigurationPlatforms) = preSolution
		Debug|Win32 = Debug|Win32
		Distro|Win32 = Distro|Win32
		Release|Win32 = Release|Win32
	EndGlobalSection
	GlobalSection(ProjectConfigurationPlatforms) = postSolution
		{FD0E3DE5-2B35-48F1-8762-3CD1F867CE0B}.Debug|Win32.ActiveCfg = Debug|Win32
		{FD0E3DE5-2B35-48F1-8762-3CD1F867CE0B}.Debug|Win32.Build.0 = Debug|Win32
		{FD0E3DE5-2B35-48F1-8762-3CD1F867CE0B}.Distro|Win32.ActiveCfg = Debug|Win32
		{FD0E3DE5-2B35-48F1-8762-3CD1F867CE0B}.Distro|Win32.Build.0 = Debug|Win32
		{FD0E3DE5-2B35-48F1-8762-3CD1F867CE0B}.Release|Win32.ActiveCfg = Release|Win32
		{FD0E3DE5-2B35-48F1-8762-3CD1F867CE0B}.Release|Win32.Build.0 = Release|Win32
		{53E9C15C-4FFF-4AE6-B053-21864D88870B}.Debug|Win32.ActiveCfg = Debug|Win32
		{53E9C15C-4FFF-4AE6-B053-21864D88870B}.Debug|Win32.Build.0 = Debug|Win32
		{53E9C15C-4FFF-4AE6-B053-21864D88870B}.Distro|Win32.ActiveCfg = Debug|Win32
		{53E9C15C-4FFF-4AE6-B053-21864D88870B}.Distro|Win32.Build.0 = Debug|Win32
		{53E9C15C-4FFF-4AE6-B053-21864D88870B}.Release|Win32.ActiveCfg = Release|Win32
		{53E9C15C-4FFF-4AE6-B053-21864D88870B}.Release|Win32.Build.0 = Release|Win32
		{EC218800-A8AA-47F5-95BF-AB6C9B7591B3}.Debug|Win32.ActiveCfg = Debug|Win32
		{EC218800-A8AA-47F5-95BF-AB6C9B7591B3}.Debug|Win32.Build.0 = Debug|Win32
		{EC218800-A8AA-47F5-95BF-AB6C9B7591B3}.Distro|Win32.ActiveCfg = Debug|Win32
		{EC218800-A8AA-47F5-95BF-AB6C9B7591B3}.Distro|Win32.Build.0 = Debug|Win32
		{EC218800-A8AA-47F5-95BF-AB6C9B7591B3}.Release|Win32.ActiveCfg = Release|Win32
		{EC218800-A8AA-47F5-95BF-AB6C9B7591B3}.Release|Win32.Build.0 = Release|Win32
		{4746958B-18DC-4A15-8E7A-59012CD009CB}.Debug|Win32.ActiveCfg = Debug|Win32
		{4746958B-18DC-4A15-8E7A-59012CD009CB}.Debug|Win32.Build.0 = Debug|Win32
		{4746958B-18DC-4A15-8E7A-59012CD009CB}.Distro|Win32.ActiveCfg = Debug|Win32
		{4746958B-18DC-4A15-8E7A-59012CD009CB}.Distro|Win32.Build.0 = Debug|Win32
		{4746958B-18DC-4A15-8E7A-59012CD009CB}.Release|Win32.ActiveCfg = Release|Win32
		{4746958B-18DC-4A15-8E7A-59012CD009CB}.Release|Win32.Build.0 = Release|Win32
		{58520387-89B8-4A88-9F2F-DC01525F0EEA}.Debug|Win32.ActiveCfg = Debug|Win32
		{58520387-89B8-4A88-9F2F-DC01525F0EEA}.Debug|Win32.Build.0 = Debug|Win32
		{58520387-89B8-4A88-9F2F-DC01525F0EEA}.Distro|Win32.ActiveCfg = Debug|Win32
		{58520387-89B8-4A88-9F2F-DC01525F0EEA}.Distro|Win32.Build.0 = Debug|Win32
		{58520387-89B8-4A88-9F2F-DC01525F0EEA}.Release|Win32.ActiveCfg = Release|Win32
		{58520387-89B8-4A88-9F2F-DC01525F0EEA}.Release|Win32.Build.0 = Release|Win32
		{CF94DE4D-FD2C-42B9-956D-75CF6723499C}.Debug|Win32.ActiveCfg = Debug|Win32
		{CF94DE4D-FD2C-42B9-956D-75CF6723499C}.Debug|Win32.Build.0 = Debug|Win32
		{CF94DE4D-FD2C-42B9-956D-75CF6723499C}.Distro|Win32.ActiveCfg = Debug|Win32
		{CF94DE4D-FD2C-42B9-956D-75CF6723499C}.Distro|Win32.Build.0 = Debug|Win32
		{CF94DE4D-FD2C-42B9-956D-75CF6723499C}.Release|Win32.ActiveCfg = Release|Win32
		{CF94DE4D-FD2C-42B9-956D-75CF6723499C}.Release|Win32.Build.0 = Release|Win32
		{00E0A7D0-E9FE-4579-9A3B-299699C004EF}.Debug|Win32.ActiveCfg = Debug|Win32
		{00E0A7D0-E9FE-4579-9A3B-299699C004EF}.Debug|Win32.Build.0 = Debug|Win32
		{00E0A7D0-E9FE-4579-9A3B-299699C004EF}.Distro|Win32.ActiveCfg = Distro|Win32
		{00E0A7D0-E9FE-4579-9A3B-299699C004EF}.Distro|Win32.Build.0 = Distro|Win32
		{00E0A7D0-E9FE-4579-9A3B-299699C004EF}.Release|Win32.ActiveCfg = Release|Win32
		{00E0A7D0-E9FE-4579-9A3B-299699C004EF}.Release|Win32.Build.0 = Release|Win32
	EndGlobalSection
	GlobalSection(SolutionProperties) = preSolution
		HideSolutionNode = FALSE
	EndGlobalSection
EndGlobal
