
Microsoft Visual Studio Solution File, Format Version 10.00
# Visual C++ Express 2008
Project("{8BC9CEB8-8B4A-11D0-8D11-00A0C91BC942}") = "QtEncode", "QtEncode\QtEncode.vcproj", "{738FE4CE-865C-483A-BCBB-3D488289399C}"
EndProject
Global
	GlobalSection(SolutionConfigurationPlatforms) = preSolution
		Debug|Win32 = Debug|Win32
		Release|Win32 = Release|Win32
	EndGlobalSection
	GlobalSection(ProjectConfigurationPlatforms) = postSolution
		{738FE4CE-865C-483A-BCBB-3D488289399C}.Debug|Win32.ActiveCfg = Debug|Win32
		{738FE4CE-865C-483A-BCBB-3D488289399C}.Debug|Win32.Build.0 = Debug|Win32
		{738FE4CE-865C-483A-BCBB-3D488289399C}.Release|Win32.ActiveCfg = Release|Win32
		{738FE4CE-865C-483A-BCBB-3D488289399C}.Release|Win32.Build.0 = Release|Win32
	EndGlobalSection
	GlobalSection(SolutionProperties) = preSolution
		HideSolutionNode = FALSE
	EndGlobalSection
EndGlobal
